
Microsoft Visual Studio Solution File, Format Version 12.00
# Visual Studio 15
VisualStudioVersion = 15.0.27428.2043
MinimumVisualStudioVersion = 10.0.40219.1
Project("{FAE04EC0-301F-11D3-BF4B-00C04F79EFBC}") = "Business.Entities", "Business.Entities\Business.Entities.csproj", "{7C6F2340-9ACA-4B0C-A0F1-B1F57E0D1EBB}"
EndProject
Project("{FAE04EC0-301F-11D3-BF4B-00C04F79EFBC}") = "Business.Services", "Business.Services\Business.Services.csproj", "{684682F1-2FD4-486E-8660-B055CF68D343}"
EndProject
Project("{FAE04EC0-301F-11D3-BF4B-00C04F79EFBC}") = "Client.Contracts", "Client.Contracts\Client.Contracts.csproj", "{DBE3E876-8F4F-4360-86C5-5047CAAC70E7}"
EndProject
Project("{FAE04EC0-301F-11D3-BF4B-00C04F79EFBC}") = "Client.Entities", "Client.Entities\Client.Entities.csproj", "{275A2A77-1B5D-42F8-A7CD-7D8255A1C25A}"
EndProject
Project("{FAE04EC0-301F-11D3-BF4B-00C04F79EFBC}") = "Client.Proxies", "Client.Proxies\Client.Proxies.csproj", "{11ADEA02-2FCA-4F6E-B7F7-9C10462C0C9E}"
EndProject
Project("{FAE04EC0-301F-11D3-BF4B-00C04F79EFBC}") = "Core.Common", "Core.Common\Core.Common.csproj", "{C68216F9-052D-46EF-8DE4-817731813A0A}"
EndProject
Project("{FAE04EC0-301F-11D3-BF4B-00C04F79EFBC}") = "Data.Core", "Data.Core\Data.Core.csproj", "{E01C31D6-7A83-47AF-95A5-CB4C5D153643}"
EndProject
Project("{FAE04EC0-301F-11D3-BF4B-00C04F79EFBC}") = "Tests.Proxies", "Tests.Proxies\Tests.Proxies.csproj", "{F5625C7F-5A81-4D31-A6B9-BE0513C7F553}"
EndProject
Project("{FAE04EC0-301F-11D3-BF4B-00C04F79EFBC}") = "WCF.Web", "WCF.Web\WCF.Web.csproj", "{019385E9-2D35-4B47-8A1F-04781A9A42F0}"
EndProject
Project("{2150E333-8FDC-42A3-9474-1A3956D46DE8}") = "Business", "Business", "{D2041817-58D6-48C9-9FB5-D98258442D84}"
EndProject
Project("{2150E333-8FDC-42A3-9474-1A3956D46DE8}") = "Client", "Client", "{E4095637-39B7-4104-9011-AE732E705B09}"
EndProject
Project("{2150E333-8FDC-42A3-9474-1A3956D46DE8}") = "Core", "Core", "{5568D6CC-4E4C-4BA1-A2F3-A0E37A6B91A6}"
EndProject
Project("{2150E333-8FDC-42A3-9474-1A3956D46DE8}") = "DataAccess", "DataAccess", "{D8B06489-50E2-4A05-A3A0-0BA37FC0542C}"
EndProject
Project("{2150E333-8FDC-42A3-9474-1A3956D46DE8}") = "Host", "Host", "{FAE102C5-AFA6-4F40-ADE8-3B6EC7063482}"
EndProject
Project("{2150E333-8FDC-42A3-9474-1A3956D46DE8}") = "Tests", "Tests", "{8C230F48-A34F-4D69-BF04-B192781DAAED}"
EndProject
Project("{FAE04EC0-301F-11D3-BF4B-00C04F79EFBC}") = "Front", "Front\Front.csproj", "{5BC69D14-F161-447C-B1BD-C57090952EA8}"
EndProject
Global
	GlobalSection(SolutionConfigurationPlatforms) = preSolution
		Debug|Any CPU = Debug|Any CPU
		Release|Any CPU = Release|Any CPU
	EndGlobalSection
	GlobalSection(ProjectConfigurationPlatforms) = postSolution
		{7C6F2340-9ACA-4B0C-A0F1-B1F57E0D1EBB}.Debug|Any CPU.ActiveCfg = Debug|Any CPU
		{7C6F2340-9ACA-4B0C-A0F1-B1F57E0D1EBB}.Debug|Any CPU.Build.0 = Debug|Any CPU
		{7C6F2340-9ACA-4B0C-A0F1-B1F57E0D1EBB}.Release|Any CPU.ActiveCfg = Release|Any CPU
		{7C6F2340-9ACA-4B0C-A0F1-B1F57E0D1EBB}.Release|Any CPU.Build.0 = Release|Any CPU
		{684682F1-2FD4-486E-8660-B055CF68D343}.Debug|Any CPU.ActiveCfg = Debug|Any CPU
		{684682F1-2FD4-486E-8660-B055CF68D343}.Debug|Any CPU.Build.0 = Debug|Any CPU
		{684682F1-2FD4-486E-8660-B055CF68D343}.Release|Any CPU.ActiveCfg = Release|Any CPU
		{684682F1-2FD4-486E-8660-B055CF68D343}.Release|Any CPU.Build.0 = Release|Any CPU
		{DBE3E876-8F4F-4360-86C5-5047CAAC70E7}.Debug|Any CPU.ActiveCfg = Debug|Any CPU
		{DBE3E876-8F4F-4360-86C5-5047CAAC70E7}.Debug|Any CPU.Build.0 = Debug|Any CPU
		{DBE3E876-8F4F-4360-86C5-5047CAAC70E7}.Release|Any CPU.ActiveCfg = Release|Any CPU
		{DBE3E876-8F4F-4360-86C5-5047CAAC70E7}.Release|Any CPU.Build.0 = Release|Any CPU
		{275A2A77-1B5D-42F8-A7CD-7D8255A1C25A}.Debug|Any CPU.ActiveCfg = Debug|Any CPU
		{275A2A77-1B5D-42F8-A7CD-7D8255A1C25A}.Debug|Any CPU.Build.0 = Debug|Any CPU
		{275A2A77-1B5D-42F8-A7CD-7D8255A1C25A}.Release|Any CPU.ActiveCfg = Release|Any CPU
		{275A2A77-1B5D-42F8-A7CD-7D8255A1C25A}.Release|Any CPU.Build.0 = Release|Any CPU
		{11ADEA02-2FCA-4F6E-B7F7-9C10462C0C9E}.Debug|Any CPU.ActiveCfg = Debug|Any CPU
		{11ADEA02-2FCA-4F6E-B7F7-9C10462C0C9E}.Debug|Any CPU.Build.0 = Debug|Any CPU
		{11ADEA02-2FCA-4F6E-B7F7-9C10462C0C9E}.Release|Any CPU.ActiveCfg = Release|Any CPU
		{11ADEA02-2FCA-4F6E-B7F7-9C10462C0C9E}.Release|Any CPU.Build.0 = Release|Any CPU
		{C68216F9-052D-46EF-8DE4-817731813A0A}.Debug|Any CPU.ActiveCfg = Debug|Any CPU
		{C68216F9-052D-46EF-8DE4-817731813A0A}.Debug|Any CPU.Build.0 = Debug|Any CPU
		{C68216F9-052D-46EF-8DE4-817731813A0A}.Release|Any CPU.ActiveCfg = Release|Any CPU
		{C68216F9-052D-46EF-8DE4-817731813A0A}.Release|Any CPU.Build.0 = Release|Any CPU
		{E01C31D6-7A83-47AF-95A5-CB4C5D153643}.Debug|Any CPU.ActiveCfg = Debug|Any CPU
		{E01C31D6-7A83-47AF-95A5-CB4C5D153643}.Debug|Any CPU.Build.0 = Debug|Any CPU
		{E01C31D6-7A83-47AF-95A5-CB4C5D153643}.Release|Any CPU.ActiveCfg = Release|Any CPU
		{E01C31D6-7A83-47AF-95A5-CB4C5D153643}.Release|Any CPU.Build.0 = Release|Any CPU
		{F5625C7F-5A81-4D31-A6B9-BE0513C7F553}.Debug|Any CPU.ActiveCfg = Debug|Any CPU
		{F5625C7F-5A81-4D31-A6B9-BE0513C7F553}.Debug|Any CPU.Build.0 = Debug|Any CPU
		{F5625C7F-5A81-4D31-A6B9-BE0513C7F553}.Release|Any CPU.ActiveCfg = Release|Any CPU
		{F5625C7F-5A81-4D31-A6B9-BE0513C7F553}.Release|Any CPU.Build.0 = Release|Any CPU
		{019385E9-2D35-4B47-8A1F-04781A9A42F0}.Debug|Any CPU.ActiveCfg = Debug|Any CPU
		{019385E9-2D35-4B47-8A1F-04781A9A42F0}.Debug|Any CPU.Build.0 = Debug|Any CPU
		{019385E9-2D35-4B47-8A1F-04781A9A42F0}.Release|Any CPU.ActiveCfg = Release|Any CPU
		{019385E9-2D35-4B47-8A1F-04781A9A42F0}.Release|Any CPU.Build.0 = Release|Any CPU
		{5BC69D14-F161-447C-B1BD-C57090952EA8}.Debug|Any CPU.ActiveCfg = Debug|Any CPU
		{5BC69D14-F161-447C-B1BD-C57090952EA8}.Debug|Any CPU.Build.0 = Debug|Any CPU
		{5BC69D14-F161-447C-B1BD-C57090952EA8}.Release|Any CPU.ActiveCfg = Release|Any CPU
		{5BC69D14-F161-447C-B1BD-C57090952EA8}.Release|Any CPU.Build.0 = Release|Any CPU
	EndGlobalSection
	GlobalSection(SolutionProperties) = preSolution
		HideSolutionNode = FALSE
	EndGlobalSection
	GlobalSection(NestedProjects) = preSolution
		{7C6F2340-9ACA-4B0C-A0F1-B1F57E0D1EBB} = {D2041817-58D6-48C9-9FB5-D98258442D84}
		{684682F1-2FD4-486E-8660-B055CF68D343} = {D2041817-58D6-48C9-9FB5-D98258442D84}
		{DBE3E876-8F4F-4360-86C5-5047CAAC70E7} = {E4095637-39B7-4104-9011-AE732E705B09}
		{275A2A77-1B5D-42F8-A7CD-7D8255A1C25A} = {E4095637-39B7-4104-9011-AE732E705B09}
		{11ADEA02-2FCA-4F6E-B7F7-9C10462C0C9E} = {E4095637-39B7-4104-9011-AE732E705B09}
		{C68216F9-052D-46EF-8DE4-817731813A0A} = {5568D6CC-4E4C-4BA1-A2F3-A0E37A6B91A6}
		{E01C31D6-7A83-47AF-95A5-CB4C5D153643} = {D8B06489-50E2-4A05-A3A0-0BA37FC0542C}
		{F5625C7F-5A81-4D31-A6B9-BE0513C7F553} = {8C230F48-A34F-4D69-BF04-B192781DAAED}
		{019385E9-2D35-4B47-8A1F-04781A9A42F0} = {FAE102C5-AFA6-4F40-ADE8-3B6EC7063482}
	EndGlobalSection
	GlobalSection(ExtensibilityGlobals) = postSolution
		SolutionGuid = {8C99225A-B954-4925-903C-BC9A01B6767A}
	EndGlobalSection
EndGlobal
